// !$*UTF8*$!
{
	archiveVersion = 1;
	classes = {
	};
	objectVersion = 55;
	objects = {

/* Begin PBXBuildFile section */
		BFC120CF28239482007F5482 /* MyHabitsApp.swift in Sources */ = {isa = PBXBuildFile; fileRef = BFC120CE28239482007F5482 /* MyHabitsApp.swift */; };
		BFC120D128239482007F5482 /* MainTabView.swift in Sources */ = {isa = PBXBuildFile; fileRef = BFC120D028239482007F5482 /* MainTabView.swift */; };
		BFC120D328239484007F5482 /* Assets.xcassets in Resources */ = {isa = PBXBuildFile; fileRef = BFC120D228239484007F5482 /* Assets.xcassets */; };
		BFC120D628239484007F5482 /* Preview Assets.xcassets in Resources */ = {isa = PBXBuildFile; fileRef = BFC120D528239484007F5482 /* Preview Assets.xcassets */; };
		BFC120DE2823950D007F5482 /* ProgressingHabitView.swift in Sources */ = {isa = PBXBuildFile; fileRef = BFC120DD2823950D007F5482 /* ProgressingHabitView.swift */; };
		BFC120E02823955A007F5482 /* SixtyHabitsView.swift in Sources */ = {isa = PBXBuildFile; fileRef = BFC120DF2823955A007F5482 /* SixtyHabitsView.swift */; };
		BFC120E228239658007F5482 /* NewHabitsView.swift in Sources */ = {isa = PBXBuildFile; fileRef = BFC120E128239658007F5482 /* NewHabitsView.swift */; };
		BFC120E42823967C007F5482 /* FinishedHabitsView.swift in Sources */ = {isa = PBXBuildFile; fileRef = BFC120E32823967C007F5482 /* FinishedHabitsView.swift */; };
		BFC120EB282396EE007F5482 /* Data.swift in Sources */ = {isa = PBXBuildFile; fileRef = BFC120EA282396EE007F5482 /* Data.swift */; };
		BFC120ED2823A42B007F5482 /* WaveAnimationView.swift in Sources */ = {isa = PBXBuildFile; fileRef = BFC120EC2823A42B007F5482 /* WaveAnimationView.swift */; };
		BFC120EF2823B3AA007F5482 /* Delete.swift in Sources */ = {isa = PBXBuildFile; fileRef = BFC120EE2823B3AA007F5482 /* Delete.swift */; };
		BFC120F52823C081007F5482 /* HabitContent.swift in Sources */ = {isa = PBXBuildFile; fileRef = BFC120F42823C081007F5482 /* HabitContent.swift */; };
		BFC120F72823E515007F5482 /* posts.json in Resources */ = {isa = PBXBuildFile; fileRef = BFC120F62823E515007F5482 /* posts.json */; };
/* End PBXBuildFile section */

/* Begin PBXFileReference section */
		BFC120CB28239482007F5482 /* MyHabits.app */ = {isa = PBXFileReference; explicitFileType = wrapper.application; includeInIndex = 0; path = MyHabits.app; sourceTree = BUILT_PRODUCTS_DIR; };
		BFC120CE28239482007F5482 /* MyHabitsApp.swift */ = {isa = PBXFileReference; lastKnownFileType = sourcecode.swift; path = MyHabitsApp.swift; sourceTree = "<group>"; };
		BFC120D028239482007F5482 /* MainTabView.swift */ = {isa = PBXFileReference; lastKnownFileType = sourcecode.swift; path = MainTabView.swift; sourceTree = "<group>"; };
		BFC120D228239484007F5482 /* Assets.xcassets */ = {isa = PBXFileReference; lastKnownFileType = folder.assetcatalog; path = Assets.xcassets; sourceTree = "<group>"; };
		BFC120D528239484007F5482 /* Preview Assets.xcassets */ = {isa = PBXFileReference; lastKnownFileType = folder.assetcatalog; path = "Preview Assets.xcassets"; sourceTree = "<group>"; };
		BFC120DD2823950D007F5482 /* ProgressingHabitView.swift */ = {isa = PBXFileReference; lastKnownFileType = sourcecode.swift; path = ProgressingHabitView.swift; sourceTree = "<group>"; };
		BFC120DF2823955A007F5482 /* SixtyHabitsView.swift */ = {isa = PBXFileReference; lastKnownFileType = sourcecode.swift; path = SixtyHabitsView.swift; sourceTree = "<group>"; };
		BFC120E128239658007F5482 /* NewHabitsView.swift */ = {isa = PBXFileReference; lastKnownFileType = sourcecode.swift; path = NewHabitsView.swift; sourceTree = "<group>"; };
		BFC120E32823967C007F5482 /* FinishedHabitsView.swift */ = {isa = PBXFileReference; lastKnownFileType = sourcecode.swift; path = FinishedHabitsView.swift; sourceTree = "<group>"; };
		BFC120EA282396EE007F5482 /* Data.swift */ = {isa = PBXFileReference; lastKnownFileType = sourcecode.swift; path = Data.swift; sourceTree = "<group>"; };
		BFC120EC2823A42B007F5482 /* WaveAnimationView.swift */ = {isa = PBXFileReference; lastKnownFileType = sourcecode.swift; path = WaveAnimationView.swift; sourceTree = "<group>"; };
		BFC120EE2823B3AA007F5482 /* Delete.swift */ = {isa = PBXFileReference; lastKnownFileType = sourcecode.swift; path = Delete.swift; sourceTree = "<group>"; };
		BFC120F42823C081007F5482 /* HabitContent.swift */ = {isa = PBXFileReference; lastKnownFileType = sourcecode.swift; path = HabitContent.swift; sourceTree = "<group>"; };
		BFC120F62823E515007F5482 /* posts.json */ = {isa = PBXFileReference; fileEncoding = 4; lastKnownFileType = text.json; path = posts.json; sourceTree = SOURCE_ROOT; };
/* End PBXFileReference section */

/* Begin PBXFrameworksBuildPhase section */
		BFC120C828239482007F5482 /* Frameworks */ = {
			isa = PBXFrameworksBuildPhase;
			buildActionMask = 2147483647;
			files = (
			);
			runOnlyForDeploymentPostprocessing = 0;
		};
/* End PBXFrameworksBuildPhase section */

/* Begin PBXGroup section */
		BFC120C228239482007F5482 = {
			isa = PBXGroup;
			children = (
				BFC120CD28239482007F5482 /* MyHabits */,
				BFC120CC28239482007F5482 /* Products */,
			);
			sourceTree = "<group>";
		};
		BFC120CC28239482007F5482 /* Products */ = {
			isa = PBXGroup;
			children = (
				BFC120CB28239482007F5482 /* MyHabits.app */,
			);
			name = Products;
			sourceTree = "<group>";
		};
		BFC120CD28239482007F5482 /* MyHabits */ = {
			isa = PBXGroup;
			children = (
				BFC120E9282396E4007F5482 /* Model */,
				BFC120DC282394F6007F5482 /* View */,
				BFC120CE28239482007F5482 /* MyHabitsApp.swift */,
				BFC120D228239484007F5482 /* Assets.xcassets */,
				BFC120F62823E515007F5482 /* posts.json */,
				BFC120D428239484007F5482 /* Preview Content */,
			);
			path = MyHabits;
			sourceTree = "<group>";
		};
		BFC120D428239484007F5482 /* Preview Content */ = {
			isa = PBXGroup;
			children = (
				BFC120D528239484007F5482 /* Preview Assets.xcassets */,
			);
			path = "Preview Content";
			sourceTree = "<group>";
		};
		BFC120DC282394F6007F5482 /* View */ = {
			isa = PBXGroup;
			children = (
				BFC120D028239482007F5482 /* MainTabView.swift */,
				BFC120DD2823950D007F5482 /* ProgressingHabitView.swift */,
				BFC120DF2823955A007F5482 /* SixtyHabitsView.swift */,
				BFC120E128239658007F5482 /* NewHabitsView.swift */,
				BFC120E32823967C007F5482 /* FinishedHabitsView.swift */,
				BFC120EC2823A42B007F5482 /* WaveAnimationView.swift */,
			);
			path = View;
			sourceTree = "<group>";
		};
		BFC120E9282396E4007F5482 /* Model */ = {
			isa = PBXGroup;
			children = (
				BFC120EA282396EE007F5482 /* Data.swift */,
				BFC120EE2823B3AA007F5482 /* Delete.swift */,
				BFC120F42823C081007F5482 /* HabitContent.swift */,
			);
			path = Model;
			sourceTree = "<group>";
		};
/* End PBXGroup section */

/* Begin PBXNativeTarget section */
		BFC120CA28239482007F5482 /* MyHabits */ = {
			isa = PBXNativeTarget;
			buildConfigurationList = BFC120D928239484007F5482 /* Build configuration list for PBXNativeTarget "MyHabits" */;
			buildPhases = (
				BFC120C728239482007F5482 /* Sources */,
				BFC120C828239482007F5482 /* Frameworks */,
				BFC120C928239482007F5482 /* Resources */,
			);
			buildRules = (
			);
			dependencies = (
			);
			name = MyHabits;
			productName = MyHabits;
			productReference = BFC120CB28239482007F5482 /* MyHabits.app */;
			productType = "com.apple.product-type.application";
		};
/* End PBXNativeTarget section */

/* Begin PBXProject section */
		BFC120C328239482007F5482 /* Project object */ = {
			isa = PBXProject;
			attributes = {
				BuildIndependentTargetsInParallel = 1;
				LastSwiftUpdateCheck = 1330;
				LastUpgradeCheck = 1330;
				TargetAttributes = {
					BFC120CA28239482007F5482 = {
						CreatedOnToolsVersion = 13.3.1;
					};
				};
			};
			buildConfigurationList = BFC120C628239482007F5482 /* Build configuration list for PBXProject "MyHabits" */;
			compatibilityVersion = "Xcode 13.0";
			developmentRegion = en;
			hasScannedForEncodings = 0;
			knownRegions = (
				en,
				Base,
			);
			mainGroup = BFC120C228239482007F5482;
			productRefGroup = BFC120CC28239482007F5482 /* Products */;
			projectDirPath = "";
			projectRoot = "";
			targets = (
				BFC120CA28239482007F5482 /* MyHabits */,
			);
		};
/* End PBXProject section */

/* Begin PBXResourcesBuildPhase section */
		BFC120C928239482007F5482 /* Resources */ = {
			isa = PBXResourcesBuildPhase;
			buildActionMask = 2147483647;
			files = (
				BFC120D628239484007F5482 /* Preview Assets.xcassets in Resources */,
				BFC120F72823E515007F5482 /* posts.json in Resources */,
				BFC120D328239484007F5482 /* Assets.xcassets in Resources */,
			);
			runOnlyForDeploymentPostprocessing = 0;
		};
/* End PBXResourcesBuildPhase section */

/* Begin PBXSourcesBuildPhase section */
		BFC120C728239482007F5482 /* Sources */ = {
			isa = PBXSourcesBuildPhase;
			buildActionMask = 2147483647;
			files = (
				BFC120EF2823B3AA007F5482 /* Delete.swift in Sources */,
				BFC120ED2823A42B007F5482 /* WaveAnimationView.swift in Sources */,
				BFC120E228239658007F5482 /* NewHabitsView.swift in Sources */,
				BFC120E42823967C007F5482 /* FinishedHabitsView.swift in Sources */,
				BFC120DE2823950D007F5482 /* ProgressingHabitView.swift in Sources */,
				BFC120F52823C081007F5482 /* HabitContent.swift in Sources */,
				BFC120D128239482007F5482 /* MainTabView.swift in Sources */,
				BFC120CF28239482007F5482 /* MyHabitsApp.swift in Sources */,
				BFC120E02823955A007F5482 /* SixtyHabitsView.swift in Sources */,
				BFC120EB282396EE007F5482 /* Data.swift in Sources */,
			);
			runOnlyForDeploymentPostprocessing = 0;
		};
/* End PBXSourcesBuildPhase section */

/* Begin XCBuildConfiguration section */
		BFC120D728239484007F5482 /* Debug */ = {
			isa = XCBuildConfiguration;
			buildSettings = {
				ALWAYS_SEARCH_USER_PATHS = NO;
				CLANG_ANALYZER_NONNULL = YES;
				CLANG_ANALYZER_NUMBER_OBJECT_CONVERSION = YES_AGGRESSIVE;
				CLANG_CXX_LANGUAGE_STANDARD = "gnu++17";
				CLANG_ENABLE_MODULES = YES;
				CLANG_ENABLE_OBJC_ARC = YES;
				CLANG_ENABLE_OBJC_WEAK = YES;
				CLANG_WARN_BLOCK_CAPTURE_AUTORELEASING = YES;
				CLANG_WARN_BOOL_CONVERSION = YES;
				CLANG_WARN_COMMA = YES;
				CLANG_WARN_CONSTANT_CONVERSION = YES;
				CLANG_WARN_DEPRECATED_OBJC_IMPLEMENTATIONS = YES;
				CLANG_WARN_DIRECT_OBJC_ISA_USAGE = YES_ERROR;
				CLANG_WARN_DOCUMENTATION_COMMENTS = YES;
				CLANG_WARN_EMPTY_BODY = YES;
				CLANG_WARN_ENUM_CONVERSION = YES;
				CLANG_WARN_INFINITE_RECURSION = YES;
				CLANG_WARN_INT_CONVERSION = YES;
				CLANG_WARN_NON_LITERAL_NULL_CONVERSION = YES;
				CLANG_WARN_OBJC_IMPLICIT_RETAIN_SELF = YES;
				CLANG_WARN_OBJC_LITERAL_CONVERSION = YES;
				CLANG_WARN_OBJC_ROOT_CLASS = YES_ERROR;
				CLANG_WARN_QUOTED_INCLUDE_IN_FRAMEWORK_HEADER = YES;
				CLANG_WARN_RANGE_LOOP_ANALYSIS = YES;
				CLANG_WARN_STRICT_PROTOTYPES = YES;
				CLANG_WARN_SUSPICIOUS_MOVE = YES;
				CLANG_WARN_UNGUARDED_AVAILABILITY = YES_AGGRESSIVE;
				CLANG_WARN_UNREACHABLE_CODE = YES;
				CLANG_WARN__DUPLICATE_METHOD_MATCH = YES;
				COPY_PHASE_STRIP = NO;
				DEBUG_INFORMATION_FORMAT = dwarf;
				ENABLE_STRICT_OBJC_MSGSEND = YES;
				ENABLE_TESTABILITY = YES;
				GCC_C_LANGUAGE_STANDARD = gnu11;
				GCC_DYNAMIC_NO_PIC = NO;
				GCC_NO_COMMON_BLOCKS = YES;
				GCC_OPTIMIZATION_LEVEL = 0;
				GCC_PREPROCESSOR_DEFINITIONS = (
					"DEBUG=1",
					"$(inherited)",
				);
				GCC_WARN_64_TO_32_BIT_CONVERSION = YES;
				GCC_WARN_ABOUT_RETURN_TYPE = YES_ERROR;
				GCC_WARN_UNDECLARED_SELECTOR = YES;
				GCC_WARN_UNINITIALIZED_AUTOS = YES_AGGRESSIVE;
				GCC_WARN_UNUSED_FUNCTION = YES;
				GCC_WARN_UNUSED_VARIABLE = YES;
				IPHONEOS_DEPLOYMENT_TARGET = 15.4;
				MTL_ENABLE_DEBUG_INFO = INCLUDE_SOURCE;
				MTL_FAST_MATH = YES;
				ONLY_ACTIVE_ARCH = YES;
				SDKROOT = iphoneos;
				SWIFT_ACTIVE_COMPILATION_CONDITIONS = DEBUG;
				SWIFT_OPTIMIZATION_LEVEL = "-Onone";
			};
			name = Debug;
		};
		BFC120D828239484007F5482 /* Release */ = {
			isa = XCBuildConfiguration;
			buildSettings = {
				ALWAYS_SEARCH_USER_PATHS = NO;
				CLANG_ANALYZER_NONNULL = YES;
				CLANG_ANALYZER_NUMBER_OBJECT_CONVERSION = YES_AGGRESSIVE;
				CLANG_CXX_LANGUAGE_STANDARD = "gnu++17";
				CLANG_ENABLE_MODULES = YES;
				CLANG_ENABLE_OBJC_ARC = YES;
				CLANG_ENABLE_OBJC_WEAK = YES;
				CLANG_WARN_BLOCK_CAPTURE_AUTORELEASING = YES;
				CLANG_WARN_BOOL_CONVERSION = YES;
				CLANG_WARN_COMMA = YES;
				CLANG_WARN_CONSTANT_CONVERSION = YES;
				CLANG_WARN_DEPRECATED_OBJC_IMPLEMENTATIONS = YES;
				CLANG_WARN_DIRECT_OBJC_ISA_USAGE = YES_ERROR;
				CLANG_WARN_DOCUMENTATION_COMMENTS = YES;
				CLANG_WARN_EMPTY_BODY = YES;
				CLANG_WARN_ENUM_CONVERSION = YES;
				CLANG_WARN_INFINITE_RECURSION = YES;
				CLANG_WARN_INT_CONVERSION = YES;
				CLANG_WARN_NON_LITERAL_NULL_CONVERSION = YES;
				CLANG_WARN_OBJC_IMPLICIT_RETAIN_SELF = YES;
				CLANG_WARN_OBJC_LITERAL_CONVERSION = YES;
				CLANG_WARN_OBJC_ROOT_CLASS = YES_ERROR;
				CLANG_WARN_QUOTED_INCLUDE_IN_FRAMEWORK_HEADER = YES;
				CLANG_WARN_RANGE_LOOP_ANALYSIS = YES;
				CLANG_WARN_STRICT_PROTOTYPES = YES;
				CLANG_WARN_SUSPICIOUS_MOVE = YES;
				CLANG_WARN_UNGUARDED_AVAILABILITY = YES_AGGRESSIVE;
				CLANG_WARN_UNREACHABLE_CODE = YES;
				CLANG_WARN__DUPLICATE_METHOD_MATCH = YES;
				COPY_PHASE_STRIP = NO;
				DEBUG_INFORMATION_FORMAT = "dwarf-with-dsym";
				ENABLE_NS_ASSERTIONS = NO;
				ENABLE_STRICT_OBJC_MSGSEND = YES;
				GCC_C_LANGUAGE_STANDARD = gnu11;
				GCC_NO_COMMON_BLOCKS = YES;
				GCC_WARN_64_TO_32_BIT_CONVERSION = YES;
				GCC_WARN_ABOUT_RETURN_TYPE = YES_ERROR;
				GCC_WARN_UNDECLARED_SELECTOR = YES;
				GCC_WARN_UNINITIALIZED_AUTOS = YES_AGGRESSIVE;
				GCC_WARN_UNUSED_FUNCTION = YES;
				GCC_WARN_UNUSED_VARIABLE = YES;
				IPHONEOS_DEPLOYMENT_TARGET = 15.4;
				MTL_ENABLE_DEBUG_INFO = NO;
				MTL_FAST_MATH = YES;
				SDKROOT = iphoneos;
				SWIFT_COMPILATION_MODE = wholemodule;
				SWIFT_OPTIMIZATION_LEVEL = "-O";
				VALIDATE_PRODUCT = YES;
			};
			name = Release;
		};
		BFC120DA28239484007F5482 /* Debug */ = {
			isa = XCBuildConfiguration;
			buildSettings = {
				ASSETCATALOG_COMPILER_APPICON_NAME = AppIcon;
				ASSETCATALOG_COMPILER_GLOBAL_ACCENT_COLOR_NAME = AccentColor;
				CODE_SIGN_STYLE = Automatic;
				CURRENT_PROJECT_VERSION = 1;
				DEVELOPMENT_ASSET_PATHS = "\"MyHabits/Preview Content\"";
				DEVELOPMENT_TEAM = D9CAJN27UH;
				ENABLE_PREVIEWS = YES;
				GENERATE_INFOPLIST_FILE = YES;
				INFOPLIST_KEY_UIApplicationSceneManifest_Generation = YES;
				INFOPLIST_KEY_UIApplicationSupportsIndirectInputEvents = YES;
				INFOPLIST_KEY_UILaunchScreen_Generation = YES;
				INFOPLIST_KEY_UISupportedInterfaceOrientations_iPad = "UIInterfaceOrientationPortrait UIInterfaceOrientationPortraitUpsideDown UIInterfaceOrientationLandscapeLeft UIInterfaceOrientationLandscapeRight";
				INFOPLIST_KEY_UISupportedInterfaceOrientations_iPhone = "UIInterfaceOrientationPortrait UIInterfaceOrientationLandscapeLeft UIInterfaceOrientationLandscapeRight";
				LD_RUNPATH_SEARCH_PATHS = (
					"$(inherited)",
					"@executable_path/Frameworks",
				);
				MARKETING_VERSION = 1.0;
				PRODUCT_BUNDLE_IDENTIFIER = lena.MyHabits;
				PRODUCT_NAME = "$(TARGET_NAME)";
				SWIFT_EMIT_LOC_STRINGS = YES;
				SWIFT_VERSION = 5.0;
				TARGETED_DEVICE_FAMILY = "1,2";
			};
			name = Debug;
		};
		BFC120DB28239484007F5482 /* Release */ = {
			isa = XCBuildConfiguration;
			buildSettings = {
				ASSETCATALOG_COMPILER_APPICON_NAME = AppIcon;
				ASSETCATALOG_COMPILER_GLOBAL_ACCENT_COLOR_NAME = AccentColor;
				CODE_SIGN_STYLE = Automatic;
				CURRENT_PROJECT_VERSION = 1;
				DEVELOPMENT_ASSET_PATHS = "\"MyHabits/Preview Content\"";
				DEVELOPMENT_TEAM = D9CAJN27UH;
				ENABLE_PREVIEWS = YES;
				GENERATE_INFOPLIST_FILE = YES;
				INFOPLIST_KEY_UIApplicationSceneManifest_Generation = YES;
				INFOPLIST_KEY_UIApplicationSupportsIndirectInputEvents = YES;
				INFOPLIST_KEY_UILaunchScreen_Generation = YES;
				INFOPLIST_KEY_UISupportedInterfaceOrientations_iPad = "UIInterfaceOrientationPortrait UIInterfaceOrientationPortraitUpsideDown UIInterfaceOrientationLandscapeLeft UIInterfaceOrientationLandscapeRight";
				INFOPLIST_KEY_UISupportedInterfaceOrientations_iPhone = "UIInterfaceOrientationPortrait UIInterfaceOrientationLandscapeLeft UIInterfaceOrientationLandscapeRight";
				LD_RUNPATH_SEARCH_PATHS = (
					"$(inherited)",
					"@executable_path/Frameworks",
				);
				MARKETING_VERSION = 1.0;
				PRODUCT_BUNDLE_IDENTIFIER = lena.MyHabits;
				PRODUCT_NAME = "$(TARGET_NAME)";
				SWIFT_EMIT_LOC_STRINGS = YES;
				SWIFT_VERSION = 5.0;
				TARGETED_DEVICE_FAMILY = "1,2";
			};
			name = Release;
		};
/* End XCBuildConfiguration section */

/* Begin XCConfigurationList section */
		BFC120C628239482007F5482 /* Build configuration list for PBXProject "MyHabits" */ = {
			isa = XCConfigurationList;
			buildConfigurations = (
				BFC120D728239484007F5482 /* Debug */,
				BFC120D828239484007F5482 /* Release */,
			);
			defaultConfigurationIsVisible = 0;
			defaultConfigurationName = Release;
		};
		BFC120D928239484007F5482 /* Build configuration list for PBXNativeTarget "MyHabits" */ = {
			isa = XCConfigurationList;
			buildConfigurations = (
				BFC120DA28239484007F5482 /* Debug */,
				BFC120DB28239484007F5482 /* Release */,
			);
			defaultConfigurationIsVisible = 0;
			defaultConfigurationName = Release;
		};
/* End XCConfigurationList section */
	};
	rootObject = BFC120C328239482007F5482 /* Project object */;
}
